<?xml version="1.0" encoding="UTF-8" standalone="yes" ?>
<CodeBlocks_project_file>
	<FileVersion major="1" minor="6" />
	<Project>
		<Option title="Channel" />
		<Option compiler="gcc" />
		<Build>
			<Target title="DebugMinGW32">
				<Option platforms="Windows;" />
				<Option output="bin/DebugMinWG32/Channel" imp_lib="$(TARGET_OUTPUT_DIR)$(TARGET_OUTPUT_BASENAME).a" def_file="$(TARGET_OUTPUT_DIR)$(TARGET_OUTPUT_BASENAME).def" prefix_auto="1" extension_auto="1" />
				<Option object_output="obj/DebugMinGW32/" />
				<Option type="3" />
				<Option compiler="gcc" />
				<Option createDefFile="1" />
				<Option createStaticLib="1" />
				<Compiler>
					<Add option="-std=c++11" />
					<Add option="-g" />
					<Add option="-fexceptions" />
					<Add option="-fno-rtti" />
					<Add option="-DCHANNEL_BUILD_DLL" />
					<Add option="-DCONV_ENGINE_ICONV" />
					<Add option="-DDEBUG" />
					<Add directory="C:/MinGW/msys/1.0/include" />
				</Compiler>
				<Linker>
					<Add library="iconv.dll" />
					<Add library="Ws2_32" />
					<Add library="boost_system-mt-d.dll" />
					<Add library="boost_thread-mt-d.dll" />
					<Add directory="C:/MinGW/msys/1.0/opt/windows_64/lib64" />
					<Add directory="D:/cpp/boost_1_57_0/stage/gcc-x86_64/lib" />
				</Linker>
			</Target>
			<Target title="ReleaseMinGW32">
				<Option platforms="Windows;" />
				<Option output="bin/ReleaseMinGW32/Channel" imp_lib="$(TARGET_OUTPUT_DIR)$(TARGET_OUTPUT_BASENAME).a" def_file="$(TARGET_OUTPUT_DIR)$(TARGET_OUTPUT_BASENAME).def" prefix_auto="1" extension_auto="1" />
				<Option object_output="obj/ReleaseMinGW32/" />
				<Option type="3" />
				<Option compiler="gcc" />
				<Option createDefFile="1" />
				<Option createStaticLib="1" />
				<Compiler>
					<Add option="-O2" />
					<Add option="-fexceptions" />
					<Add option="-std=gnu++11" />
					<Add option="-DCHANNEL_BUILD_DLL" />
					<Add option="-DCONV_ENGINE_ICONV" />
					<Add directory="C:/MinGW/msys/1.0/include" />
				</Compiler>
				<Linker>
					<Add library="iconv.dll" />
					<Add library="Ws2_32" />
					<Add library="boost_system-mt.dll" />
					<Add library="boost_thread-mt.dll" />
					<Add directory="D:/cpp/boost_1_57_0/stage/gcc-x86_64/lib" />
					<Add directory="C:/MinGW/msys/1.0/opt/windows_64/lib64" />
				</Linker>
			</Target>
			<Target title="ReleaseMSVC10">
				<Option platforms="Windows;" />
				<Option output="bin/ReleaseMSVC10/Channel" imp_lib="$(TARGET_OUTPUT_DIR)$(TARGET_OUTPUT_BASENAME).a" def_file="$(TARGET_OUTPUT_DIR)$(TARGET_OUTPUT_BASENAME).def" prefix_auto="1" extension_auto="1" />
				<Option object_output="obj/ReleaseMSVC10" />
				<Option type="3" />
				<Option compiler="msvc10" />
				<Option createDefFile="1" />
				<Option createStaticLib="1" />
				<Option projectLibDirsRelation="1" />
				<Compiler>
					<Add option="/MD" />
					<Add option="/W2" />
					<Add option="/Zc:wchar_t" />
					<Add option="/EHsc /Ob2 /Ox /D_SCL_SECURE_NO_WARNINGS" />
					<Add option="/Yuprchdrs.h" />
					<Add option="/Fpobj\ReleaseMSVC10\prchdrs.pch" />
					<Add option="/DCHANNEL_BUILD_DLL" />
					<Add option="/DBOOST_ALL_NO_LIB" />
					<Add option="/DCONV_ENGINE_MLANG" />
				</Compiler>
				<Linker>
					<Add library="kernel32" />
					<Add library="ole32" />
					<Add library="boost_system-mt" />
					<Add library="boost_thread-mt" />
					<Add directory="D:/cpp/boost_1_57_0/stage/msvc/lib" />
				</Linker>
			</Target>
			<Target title="ReleaseMSVC10-ICU">
				<Option platforms="Windows;" />
				<Option output="bin/ReleaseMSVC10-ICU/Channel" imp_lib="$(TARGET_OUTPUT_DIR)$(TARGET_OUTPUT_BASENAME).a" def_file="$(TARGET_OUTPUT_DIR)$(TARGET_OUTPUT_BASENAME).def" prefix_auto="1" extension_auto="1" />
				<Option object_output="obj/ReleaseMSVC10-ICU" />
				<Option type="3" />
				<Option compiler="msvc10" />
				<Option createDefFile="1" />
				<Option createStaticLib="1" />
				<Option projectLibDirsRelation="1" />
				<Compiler>
					<Add option="/MD" />
					<Add option="/W2" />
					<Add option="/Zc:wchar_t" />
					<Add option="/EHsc /Ob2 /Ox" />
					<Add option="/Yuprchdrs.h" />
					<Add option="/Fpobj\ReleaseMSVC10-ICU\prchdrs.pch" />
					<Add option="/DCHANNEL_BUILD_DLL" />
					<Add option="/DBOOST_ALL_NO_LIB" />
					<Add option="/DCONV_ENGINE_IBM_ICU" />
				</Compiler>
				<Linker>
					<Add library="icuuc" />
					<Add library="boost_system-vc100-mt-1_54" />
					<Add library="boost_thread-vc100-mt-1_54" />
					<Add library="iconv.dll" />
					<Add directory="../boost_1_54_0/icu/lib64" />
					<Add directory="../boost_1_54_0/stage/msvc/lib" />
				</Linker>
			</Target>
			<Target title="DebugMinGW32-ICU">
				<Option platforms="Windows;" />
				<Option output="bin/DebugMinWG32-ICU/Channel" imp_lib="$(TARGET_OUTPUT_DIR)$(TARGET_OUTPUT_BASENAME).a" def_file="$(TARGET_OUTPUT_DIR)$(TARGET_OUTPUT_BASENAME).def" prefix_auto="1" extension_auto="1" />
				<Option object_output="obj/DebugMinGW32-ICU/" />
				<Option type="3" />
				<Option compiler="gcc" />
				<Option createDefFile="1" />
				<Option createStaticLib="1" />
				<Compiler>
					<Add option="-std=c++11" />
					<Add option="-g" />
					<Add option="-fexceptions" />
					<Add option="-fno-rtti" />
					<Add option="-DCHANNEL_BUILD_DLL" />
					<Add option="-DCONV_ENGINE_IBM_ICU" />
					<Add directory="C:/MinGW/msys/1.0/include" />
				</Compiler>
				<Linker>
					<Add library="icuuc.dll" />
					<Add library="icudt.dll" />
					<Add library="boost_system-mt-d.dll" />
					<Add library="boost_thread-mt-d.dll" />
					<Add library="Ws2_32" />
					<Add directory="C:/MinGW/msys/1.0/opt/windows_64/lib64" />
					<Add directory="D:/cpp/boost_1_57_0/stage/gcc-x86_64/lib" />
				</Linker>
			</Target>
			<Target title="LinuxGCCDebug">
				<Option platforms="Windows;Unix;" />
				<Option output="bin/LinuxGCCDebug/Channel" imp_lib="$(TARGET_OUTPUT_DIR)$(TARGET_OUTPUT_BASENAME).a" def_file="$(TARGET_OUTPUT_DIR)$(TARGET_OUTPUT_BASENAME).def" prefix_auto="1" extension_auto="1" />
				<Option object_output="obj/LinuxGCCDebug/" />
				<Option type="3" />
				<Option compiler="gcc" />
				<Option createDefFile="1" />
				<Option createStaticLib="1" />
				<Compiler>
					<Add option="-fexceptions" />
					<Add option="-fno-rtti" />
					<Add option="-DCHANNEL_BUILD_DLL" />
					<Add option="-DCONV_ENGINE_ICONV" />
				</Compiler>
			</Target>
		</Build>
		<Compiler>
			<Add option="-Wall" />
			<Add directory="include" />
			<Add directory="D:/cpp/boost_1_57_0" />
		</Compiler>
		<Unit filename="include/WindowsConsole.hpp">
			<Option target="DebugMinGW32" />
			<Option target="ReleaseMinGW32" />
			<Option target="ReleaseMSVC10" />
			<Option target="ReleaseMSVC10-ICU" />
			<Option target="DebugMinGW32-ICU" />
		</Unit>
		<Unit filename="include/WindowsFile.hpp">
			<Option target="DebugMinGW32" />
			<Option target="ReleaseMinGW32" />
			<Option target="ReleaseMSVC10" />
			<Option target="ReleaseMSVC10-ICU" />
			<Option target="DebugMinGW32-ICU" />
		</Unit>
		<Unit filename="include/abstractfile.hpp" />
		<Unit filename="include/buffers.hpp" />
		<Unit filename="include/bytebuffer.hpp" />
		<Unit filename="include/channels.hpp" />
		<Unit filename="include/channels_config.h" />
		<Unit filename="include/console.hpp" />
		<Unit filename="include/convert.hpp" />
		<Unit filename="include/file.hpp" />
		<Unit filename="include/ibm_icu_conv.hpp">
			<Option target="ReleaseMSVC10-ICU" />
			<Option target="DebugMinGW32-ICU" />
		</Unit>
		<Unit filename="include/iconv_conv.hpp">
			<Option target="DebugMinGW32" />
			<Option target="ReleaseMinGW32" />
			<Option target="LinuxGCCDebug" />
		</Unit>
		<Unit filename="include/network.hpp" />
		<Unit filename="include/pipe.hpp" />
		<Unit filename="include/smallobject.hpp" />
		<Unit filename="include/text.hpp" />
		<Unit filename="include/unixfile.hpp">
			<Option target="LinuxGCCDebug" />
		</Unit>
		<Unit filename="include/win32/winver.h">
			<Option target="DebugMinGW32" />
			<Option target="ReleaseMinGW32" />
			<Option target="ReleaseMSVC10" />
			<Option target="ReleaseMSVC10-ICU" />
			<Option target="DebugMinGW32-ICU" />
		</Unit>
		<Unit filename="include/win32_conv.hpp">
			<Option target="ReleaseMSVC10" />
		</Unit>
		<Unit filename="src/WindowsConsole.cpp">
			<Option target="DebugMinGW32" />
			<Option target="ReleaseMinGW32" />
			<Option target="ReleaseMSVC10" />
			<Option target="ReleaseMSVC10-ICU" />
			<Option target="DebugMinGW32-ICU" />
		</Unit>
		<Unit filename="src/WindowsFile.cpp">
			<Option target="DebugMinGW32" />
			<Option target="ReleaseMinGW32" />
			<Option target="ReleaseMSVC10" />
			<Option target="ReleaseMSVC10-ICU" />
			<Option target="DebugMinGW32-ICU" />
		</Unit>
		<Unit filename="src/WindowsPipe.cpp">
			<Option target="DebugMinGW32" />
			<Option target="ReleaseMinGW32" />
			<Option target="ReleaseMSVC10" />
			<Option target="ReleaseMSVC10-ICU" />
			<Option target="DebugMinGW32-ICU" />
		</Unit>
		<Unit filename="src/bytebuffer.cpp" />
		<Unit filename="src/channels.cpp" />
		<Unit filename="src/convert.cpp" />
		<Unit filename="src/helpers.hpp" />
		<Unit filename="src/ibm_icu_conv.cpp">
			<Option target="ReleaseMSVC10-ICU" />
			<Option target="DebugMinGW32-ICU" />
		</Unit>
		<Unit filename="src/iconv_conv.cpp">
			<Option target="DebugMinGW32" />
			<Option target="ReleaseMinGW32" />
			<Option target="LinuxGCCDebug" />
		</Unit>
		<Unit filename="src/main.cpp" />
		<Unit filename="src/mlang_i.cpp">
			<Option target="ReleaseMSVC10" />
		</Unit>
		<Unit filename="src/pipe.cpp" />
		<Unit filename="src/prchdrs.cpp">
			<Option weight="1" />
			<Option compiler="msvc10" use="1" buildCommand="$compiler /c /nologo $options $includes $file /Ycprchdrs.h /Fo$object" />
		</Unit>
		<Unit filename="src/prchdrs.h">
			<Option compile="1" />
			<Option weight="0" />
			<Option compiler="msvc10" use="0" buildCommand="$compiler /nologo $options $includes /c $file /Yc$objects_output_dir\prchrd.pch" />
		</Unit>
		<Unit filename="src/smallobject.cpp" />
		<Unit filename="src/unixfile.cpp">
			<Option target="LinuxGCCDebug" />
		</Unit>
		<Unit filename="src/win32_conv.cpp">
			<Option target="ReleaseMSVC10" />
		</Unit>
		<Unit filename="test.txt">
			<Option target="&lt;{~None~}&gt;" />
		</Unit>
		<Extensions>
			<code_completion />
			<envvars />
			<debugger />
			<DoxyBlocks>
				<comment_style block="0" line="0" />
				<doxyfile_project />
				<doxyfile_build />
				<doxyfile_warnings />
				<doxyfile_output />
				<doxyfile_dot />
				<general />
			</DoxyBlocks>
		</Extensions>
	</Project>
</CodeBlocks_project_file>
