<?xml version="1.0" encoding="UTF-8" standalone="yes" ?>
<CodeBlocks_project_file>
	<FileVersion major="1" minor="6" />
	<Project>
		<Option title="Channel" />
		<Option compiler="gcc" />
		<Build>
			<Target title="DebugGCCWin">
				<Option platforms="Windows;" />
				<Option output="bin/DebugGCCWin/Channel" imp_lib="$(TARGET_OUTPUT_DIR)$(TARGET_OUTPUT_BASENAME).a" def_file="$(TARGET_OUTPUT_DIR)$(TARGET_OUTPUT_BASENAME).def" prefix_auto="1" extension_auto="1" />
				<Option object_output="obj/DebugGCCWin/" />
				<Option type="3" />
				<Option compiler="gcc" />
				<Option createDefFile="1" />
				<Option createStaticLib="1" />
				<Compiler>
					<Add option="-Wnon-virtual-dtor" />
					<Add option="-std=c++0x" />
					<Add option="-g" />
					<Add option="-DCHANNEL_BUILD_DLL" />
					<Add option="-DCONV_ENGINE_ICONV" />
					<Add option="-DDEBUG" />
					<Add directory="C:/MinGW/msys64/usr/include" />
					<Add directory="include/win" />
					<Add directory="D:/cpp/boost_1_60_0" />
				</Compiler>
				<Linker>
					<Add library="iconv.dll" />
					<Add library="Ws2_32" />
					<Add library="boost_system-mt-d.dll" />
					<Add library="boost_thread-mt-d.dll" />
					<Add directory="D:/cpp/boost_1_60_0/stage/gcc64/lib" />
					<Add directory="C:/MinGW/msys64/usr/lib" />
				</Linker>
			</Target>
			<Target title="ReleaseMinGW32">
				<Option platforms="Windows;" />
				<Option output="bin/ReleaseMinGW32/Channel" imp_lib="$(TARGET_OUTPUT_DIR)$(TARGET_OUTPUT_BASENAME).a" def_file="$(TARGET_OUTPUT_DIR)$(TARGET_OUTPUT_BASENAME).def" prefix_auto="1" extension_auto="1" />
				<Option object_output="obj/ReleaseMinGW32/" />
				<Option type="3" />
				<Option compiler="gcc" />
				<Option createDefFile="1" />
				<Option createStaticLib="1" />
				<Compiler>
					<Add option="-O3" />
					<Add option="-DCHANNEL_BUILD_DLL" />
					<Add option="-DCONV_ENGINE_ICONV" />
					<Add directory="C:/MinGW/msys64/usr/include" />
					<Add directory="include/win" />
					<Add directory="D:/cpp/boost_1_60_0" />
				</Compiler>
				<Linker>
					<Add library="iconv.dll" />
					<Add library="Ws2_32" />
					<Add library="boost_system-mt.dll" />
					<Add library="boost_thread-mt.dll" />
					<Add directory="D:/cpp/boost_1_57_0/stage/gcc-x86_64/lib" />
					<Add directory="C:/MinGW/msys/1.0/opt/windows_64/lib64" />
					<Add directory="D:/cpp/boost_1_60_0/stage/gcc64/lib" />
					<Add directory="C:/MinGW/msys64/usr/lib" />
				</Linker>
			</Target>
			<Target title="DebugMinGW32-ICU">
				<Option platforms="Windows;" />
				<Option output="bin/DebugMinWG32-ICU/Channel" imp_lib="$(TARGET_OUTPUT_DIR)$(TARGET_OUTPUT_BASENAME).a" def_file="$(TARGET_OUTPUT_DIR)$(TARGET_OUTPUT_BASENAME).def" prefix_auto="1" extension_auto="1" />
				<Option object_output="obj/DebugMinGW32-ICU/" />
				<Option type="3" />
				<Option compiler="gcc" />
				<Option createDefFile="1" />
				<Option createStaticLib="1" />
				<Compiler>
					<Add option="-std=c++11" />
					<Add option="-g" />
					<Add option="-DCHANNEL_BUILD_DLL" />
					<Add option="-DCONV_ENGINE_IBM_ICU" />
					<Add directory="C:/MinGW/msys/1.0/include" />
					<Add directory="include/win" />
				</Compiler>
				<Linker>
					<Add library="icuuc.dll" />
					<Add library="icudt.dll" />
					<Add library="boost_system-mt-d.dll" />
					<Add library="boost_thread-mt-d.dll" />
					<Add library="Ws2_32" />
					<Add directory="C:/MinGW/msys/1.0/opt/windows_64/lib64" />
					<Add directory="D:/cpp/boost_1_57_0/stage/gcc-x86_64/lib" />
				</Linker>
			</Target>
			<Target title="LinuxGCCDebug">
				<Option platforms="Windows;Unix;" />
				<Option output="bin/LinuxGCCDebug/Channel" imp_lib="$(TARGET_OUTPUT_DIR)$(TARGET_OUTPUT_BASENAME).a" def_file="$(TARGET_OUTPUT_DIR)$(TARGET_OUTPUT_BASENAME).def" prefix_auto="1" extension_auto="1" />
				<Option object_output="obj/LinuxGCCDebug/" />
				<Option type="3" />
				<Option compiler="gcc" />
				<Option createDefFile="1" />
				<Option createStaticLib="1" />
				<Option projectCompilerOptionsRelation="1" />
				<Compiler>
					<Add option="-Wnon-virtual-dtor" />
					<Add option="-std=c++11" />
					<Add option="-pg" />
					<Add option="-g" />
					<Add option="-fexceptions" />
					<Add option="-fPIC" />
					<Add option="-DCHANNEL_BUILD_DLL" />
					<Add option="-DCONV_ENGINE_ICONV" />
					<Add directory="include/unix" />
				</Compiler>
				<Linker>
					<Add option="-pg" />
				</Linker>
			</Target>
			<Target title="DebugGCCWinStatic">
				<Option platforms="Windows;" />
				<Option output="bin/DebugGCCWinStatic/Channel" prefix_auto="1" extension_auto="1" />
				<Option working_dir="" />
				<Option object_output="obj/DebugGCCWinStatic/" />
				<Option type="2" />
				<Option compiler="gcc" />
				<Option createDefFile="1" />
				<Compiler>
					<Add option="-O2" />
					<Add option="-pg" />
					<Add option="-g" />
					<Add option="-DCHANNEL_STATIC_LIB" />
					<Add option="-DCONV_ENGINE_ICONV" />
					<Add option="-DDEBUG" />
					<Add directory="C:/MinGW/msys/1.0/include" />
					<Add directory="include/win" />
					<Add directory="D:/cpp/boost_1_60_0" />
				</Compiler>
				<Linker>
					<Add option="-pg -lgmon" />
					<Add library="iconv.dll" />
					<Add library="Ws2_32" />
					<Add library="boost_system-mt-d.dll" />
					<Add library="boost_thread-mt-d.dll" />
					<Add directory="C:/MinGW/msys/1.0/opt/windows_64/lib64" />
					<Add directory="D:/cpp/boost_1_57_0/stage/gcc-x86_64/lib" />
				</Linker>
			</Target>
		</Build>
		<Compiler>
			<Add option="-Wall" />
			<Add option="-std=gnu++11" />
			<Add option="-fexceptions" />
			<Add option="-fno-rtti" />
			<Add directory="include" />
		</Compiler>
		<Unit filename="include/abstractfile.hpp" />
		<Unit filename="include/asynchronous.hpp" />
		<Unit filename="include/buffers.hpp" />
		<Unit filename="include/bytebuffer.hpp" />
		<Unit filename="include/channels.hpp" />
		<Unit filename="include/channels_config.h" />
		<Unit filename="include/charsets.hpp" />
		<Unit filename="include/compat.hpp" />
		<Unit filename="include/console.hpp" />
		<Unit filename="include/convert.hpp" />
		<Unit filename="include/file.hpp" />
		<Unit filename="include/ibm_icu_conv.hpp">
			<Option target="DebugMinGW32-ICU" />
		</Unit>
		<Unit filename="include/iconv_conv.hpp">
			<Option target="DebugGCCWin" />
			<Option target="ReleaseMinGW32" />
			<Option target="LinuxGCCDebug" />
			<Option target="DebugGCCWinStatic" />
		</Unit>
		<Unit filename="include/namedpipe.hpp" />
		<Unit filename="include/nb_forward_list.hpp" />
		<Unit filename="include/network.hpp" />
		<Unit filename="include/pipe.hpp" />
		<Unit filename="include/smallobject.hpp" />
		<Unit filename="include/spinlock.hpp" />
		<Unit filename="include/system.hpp" />
		<Unit filename="include/text.hpp" />
		<Unit filename="include/unix/unixasynchronousdevicechannel.hpp">
			<Option target="LinuxGCCDebug" />
		</Unit>
		<Unit filename="include/unix/unixconsole.hpp">
			<Option target="LinuxGCCDebug" />
		</Unit>
		<Unit filename="include/unix/unixfile.hpp">
			<Option target="LinuxGCCDebug" />
		</Unit>
		<Unit filename="include/win/WinAsynchronousHandleChannel.hpp">
			<Option target="DebugGCCWin" />
			<Option target="ReleaseMinGW32" />
			<Option target="DebugMinGW32-ICU" />
			<Option target="DebugGCCWinStatic" />
		</Unit>
		<Unit filename="include/win/WinChannel.hpp">
			<Option target="DebugGCCWin" />
			<Option target="ReleaseMinGW32" />
			<Option target="DebugMinGW32-ICU" />
			<Option target="DebugGCCWinStatic" />
		</Unit>
		<Unit filename="include/win/WinConsole.hpp">
			<Option target="DebugGCCWin" />
			<Option target="ReleaseMinGW32" />
			<Option target="DebugMinGW32-ICU" />
			<Option target="DebugGCCWinStatic" />
		</Unit>
		<Unit filename="include/win/WinFile.hpp">
			<Option target="DebugGCCWin" />
			<Option target="ReleaseMinGW32" />
			<Option target="DebugMinGW32-ICU" />
			<Option target="DebugGCCWinStatic" />
		</Unit>
		<Unit filename="include/win/heapallocator.hpp">
			<Option target="DebugGCCWin" />
			<Option target="ReleaseMinGW32" />
			<Option target="DebugMinGW32-ICU" />
			<Option target="DebugGCCWinStatic" />
		</Unit>
		<Unit filename="include/win/winver.h">
			<Option target="DebugGCCWin" />
			<Option target="ReleaseMinGW32" />
			<Option target="DebugMinGW32-ICU" />
			<Option target="DebugGCCWinStatic" />
		</Unit>
		<Unit filename="src/asynchronous.cpp" />
		<Unit filename="src/bytebuffer.cpp" />
		<Unit filename="src/channels.cpp" />
		<Unit filename="src/charsets.cpp" />
		<Unit filename="src/ibm_icu_conv.cpp">
			<Option target="DebugMinGW32-ICU" />
		</Unit>
		<Unit filename="src/iconv_conv.cpp">
			<Option target="DebugGCCWin" />
			<Option target="ReleaseMinGW32" />
			<Option target="LinuxGCCDebug" />
			<Option target="DebugGCCWinStatic" />
		</Unit>
		<Unit filename="src/pipe.cpp" />
		<Unit filename="src/prchdrs.cpp">
			<Option weight="1" />
			<Option compiler="msvc10" use="1" buildCommand="$compiler /c /nologo $options $includes $file /Ycprchdrs.h /Fo$object" />
		</Unit>
		<Unit filename="src/prchdrs.h">
			<Option compile="1" />
			<Option weight="0" />
			<Option compiler="msvc10" use="0" buildCommand="$compiler /nologo $options $includes /c $file /Yc$objects_output_dir\prchrd.pch" />
		</Unit>
		<Unit filename="src/smallobject.cpp" />
		<Unit filename="src/unix/helpers.hpp">
			<Option target="LinuxGCCDebug" />
		</Unit>
		<Unit filename="src/unix/unixasynchronousdevicechannel.cpp">
			<Option target="LinuxGCCDebug" />
		</Unit>
		<Unit filename="src/unix/unixconsole.cpp">
			<Option target="LinuxGCCDebug" />
		</Unit>
		<Unit filename="src/unix/unixfile.cpp">
			<Option target="LinuxGCCDebug" />
		</Unit>
		<Unit filename="src/unix/unixpipe.cpp">
			<Option target="LinuxGCCDebug" />
		</Unit>
		<Unit filename="src/win/WinAsynchronousHandleChannel.cpp">
			<Option target="DebugGCCWin" />
			<Option target="ReleaseMinGW32" />
			<Option target="DebugMinGW32-ICU" />
			<Option target="DebugGCCWinStatic" />
		</Unit>
		<Unit filename="src/win/WinChannel.cpp">
			<Option target="DebugGCCWin" />
			<Option target="ReleaseMinGW32" />
			<Option target="DebugMinGW32-ICU" />
			<Option target="DebugGCCWinStatic" />
		</Unit>
		<Unit filename="src/win/WinConsole.cpp">
			<Option target="DebugGCCWin" />
			<Option target="ReleaseMinGW32" />
			<Option target="DebugMinGW32-ICU" />
			<Option target="DebugGCCWinStatic" />
		</Unit>
		<Unit filename="src/win/WinFile.cpp">
			<Option target="DebugGCCWin" />
			<Option target="ReleaseMinGW32" />
			<Option target="DebugMinGW32-ICU" />
			<Option target="DebugGCCWinStatic" />
		</Unit>
		<Unit filename="src/win/WinNamedPipe.cpp">
			<Option target="DebugGCCWin" />
			<Option target="ReleaseMinGW32" />
			<Option target="DebugMinGW32-ICU" />
			<Option target="DebugGCCWinStatic" />
		</Unit>
		<Unit filename="src/win/WinPipe.cpp">
			<Option target="DebugGCCWin" />
			<Option target="ReleaseMinGW32" />
			<Option target="DebugMinGW32-ICU" />
			<Option target="DebugGCCWinStatic" />
		</Unit>
		<Unit filename="src/win/heapallocator.cpp">
			<Option target="DebugGCCWin" />
			<Option target="ReleaseMinGW32" />
			<Option target="DebugMinGW32-ICU" />
			<Option target="DebugGCCWinStatic" />
		</Unit>
		<Unit filename="src/win/helpers.hpp">
			<Option target="DebugGCCWin" />
			<Option target="ReleaseMinGW32" />
			<Option target="DebugMinGW32-ICU" />
			<Option target="DebugGCCWinStatic" />
		</Unit>
		<Unit filename="src/win/main.cpp">
			<Option target="DebugGCCWin" />
			<Option target="ReleaseMinGW32" />
			<Option target="DebugMinGW32-ICU" />
			<Option target="DebugGCCWinStatic" />
		</Unit>
		<Unit filename="src/win/system.cpp">
			<Option target="DebugGCCWin" />
			<Option target="ReleaseMinGW32" />
			<Option target="DebugMinGW32-ICU" />
			<Option target="DebugGCCWinStatic" />
		</Unit>
		<Extensions>
			<code_completion />
			<envvars />
			<debugger />
			<DoxyBlocks>
				<comment_style block="0" line="0" />
				<doxyfile_project />
				<doxyfile_build />
				<doxyfile_warnings />
				<doxyfile_output />
				<doxyfile_dot />
				<general />
			</DoxyBlocks>
		</Extensions>
	</Project>
</CodeBlocks_project_file>
