<?xml version="1.0" encoding="UTF-8" standalone="yes" ?>
<CodeBlocks_project_file>
	<FileVersion major="1" minor="6" />
	<Project>
		<Option title="Channel" />
		<Option compiler="gcc" />
		<Build>
			<Target title="DebugMinGW32">
				<Option platforms="Windows;" />
				<Option output="bin/DebugMinWG32/Channel" imp_lib="$(TARGET_OUTPUT_DIR)$(TARGET_OUTPUT_BASENAME).a" def_file="$(TARGET_OUTPUT_DIR)$(TARGET_OUTPUT_BASENAME).def" prefix_auto="1" extension_auto="1" />
				<Option object_output="obj/DebugMinGW32/" />
				<Option type="3" />
				<Option compiler="gcc" />
				<Option createDefFile="1" />
				<Option createStaticLib="1" />
				<Compiler>
					<Add option="-std=c++11" />
					<Add option="-g" />
					<Add option="-fexceptions" />
					<Add option="-fno-rtti" />
					<Add option="-DCHANNEL_BUILD_DLL" />
					<Add option="-DCONV_ENGINE_ICONV" />
					<Add directory="../boost_1_54_0" />
					<Add directory="C:/MinGW/msys/1.0/local/include" />
				</Compiler>
				<Linker>
					<Add library="iconv.dll" />
					<Add directory="C:/MinGW/msys/1.0/local/lib" />
					<Add directory="../boost_1_54_0/stage/gcc/lib" />
					<Add directory="mingw" />
				</Linker>
			</Target>
			<Target title="ReleaseMinGW32">
				<Option platforms="Windows;" />
				<Option output="bin/ReleaseMinGW32/Channel" imp_lib="$(TARGET_OUTPUT_DIR)$(TARGET_OUTPUT_BASENAME).a" def_file="$(TARGET_OUTPUT_DIR)$(TARGET_OUTPUT_BASENAME).def" prefix_auto="1" extension_auto="1" />
				<Option object_output="obj/ReleaseMinGW32/" />
				<Option type="3" />
				<Option compiler="gcc" />
				<Option createDefFile="1" />
				<Option createStaticLib="1" />
				<Compiler>
					<Add option="-O2" />
					<Add option="-std=c++11" />
					<Add option="-fexceptions" />
					<Add option="-fno-rtti" />
					<Add option="-msse" />
					<Add option="-msse2" />
					<Add option="-msse3" />
					<Add option="-mssse3" />
					<Add option="-mmmx" />
					<Add option="-m3dnow" />
					<Add option="-DCHANNEL_BUILD_DLL" />
					<Add option="-DCONV_ENGINE_ICONV" />
					<Add directory="../boost_1_54_0" />
					<Add directory="C:/MinGW/msys/1.0/local/include" />
				</Compiler>
				<Linker>
					<Add library="iconv.dll" />
					<Add directory="C:/MinGW/msys/1.0/local/lib" />
					<Add directory="../boost_1_54_0/stage/gcc/lib" />
				</Linker>
			</Target>
			<Target title="ReleaseMSVC10">
				<Option platforms="Windows;" />
				<Option output="bin/ReleaseMSVC10/Channel" imp_lib="$(TARGET_OUTPUT_DIR)$(TARGET_OUTPUT_BASENAME).a" def_file="$(TARGET_OUTPUT_DIR)$(TARGET_OUTPUT_BASENAME).def" prefix_auto="1" extension_auto="1" />
				<Option object_output="obj/ReleaseMSVC10" />
				<Option type="3" />
				<Option compiler="msvc10" />
				<Option createDefFile="1" />
				<Option createStaticLib="1" />
				<Option projectLibDirsRelation="1" />
				<Compiler>
					<Add option="/MD" />
					<Add option="/W2" />
					<Add option="/Zc:wchar_t" />
					<Add option="/EHsc /Ob2 /Ox" />
					<Add option="/DCHANNEL_BUILD_DLL" />
					<Add option="/DBOOST_ALL_NO_LIB" />
					<Add option="/DCONV_ENGINE_MLANG" />
					<Add directory="../boost_1_54_0" />
					<Add directory="../boost_1_54_0/icu/include" />
				</Compiler>
				<Linker>
					<Add library="kernel32" />
					<Add library="ole32" />
					<Add library="boost_system-vc100-mt-1_54" />
					<Add directory="../boost_1_54_0/icu/lib64" />
					<Add directory="../boost_1_54_0/stage/msvc/lib" />
				</Linker>
			</Target>
		</Build>
		<Compiler>
			<Add option="-O2" />
			<Add option="-Wall" />
			<Add directory="include" />
			<Add directory="../boost_1_54_0" />
		</Compiler>
		<Unit filename="include/buffers.hpp" />
		<Unit filename="include/bytebuffer.hpp" />
		<Unit filename="include/channels.hpp" />
		<Unit filename="include/channels_config.h" />
		<Unit filename="include/charbuffers.hpp" />
		<Unit filename="include/console.hpp" />
		<Unit filename="include/convert.hpp" />
		<Unit filename="include/file.hpp" />
		<Unit filename="include/ibm_icu_conv.hpp">
			<Option target="&lt;{~None~}&gt;" />
		</Unit>
		<Unit filename="include/iconv_conv.hpp">
			<Option target="DebugMinGW32" />
			<Option target="ReleaseMinGW32" />
		</Unit>
		<Unit filename="include/readwrite.hpp" />
		<Unit filename="include/win32_conv.hpp">
			<Option target="ReleaseMSVC10" />
		</Unit>
		<Unit filename="main.cpp" />
		<Unit filename="src/convert.cpp" />
		<Unit filename="src/ibm_icu_conv.cpp">
			<Option target="&lt;{~None~}&gt;" />
		</Unit>
		<Unit filename="src/iconv_conv.cpp">
			<Option target="DebugMinGW32" />
			<Option target="ReleaseMinGW32" />
		</Unit>
		<Unit filename="src/mlang_i.c">
			<Option compilerVar="CC" />
			<Option target="ReleaseMSVC10" />
		</Unit>
		<Unit filename="src/unix_file.cpp">
			<Option target="&lt;{~None~}&gt;" />
		</Unit>
		<Unit filename="src/win32_conv.cpp">
			<Option target="ReleaseMSVC10" />
		</Unit>
		<Unit filename="src/windows_file.cpp" />
		<Unit filename="test.txt">
			<Option target="&lt;{~None~}&gt;" />
		</Unit>
		<Extensions>
			<code_completion />
			<envvars />
			<debugger />
			<DoxyBlocks>
				<comment_style block="0" line="0" />
				<doxyfile_project />
				<doxyfile_build />
				<doxyfile_warnings />
				<doxyfile_output />
				<doxyfile_dot />
				<general />
			</DoxyBlocks>
		</Extensions>
	</Project>
</CodeBlocks_project_file>
