<?xml version="1.0" encoding="UTF-8" standalone="yes" ?>
<CodeBlocks_project_file>
	<FileVersion major="1" minor="6" />
	<Project>
		<Option title="NamedPipeServer" />
		<Option pch_mode="2" />
		<Option compiler="gcc" />
		<Build>
			<Target title="DebugGCCx64">
				<Option output="bin/DebugGCCx64/NamedPipeServer" prefix_auto="1" extension_auto="1" />
				<Option object_output="obj/DebugGCCx64/" />
				<Option type="1" />
				<Option compiler="gcc" />
				<Compiler>
					<Add option="-g" />
				</Compiler>
				<Linker>
					<Add library="boost_system-mt-d.dll" />
					<Add library="boost_thread-mt-d.dll" />
					<Add directory="../../../bin/DebugMinWG32" />
				</Linker>
			</Target>
			<Target title="RelaseGCCx64">
				<Option output="bin/RelaseGCCx64/NamedPipeServer" prefix_auto="1" extension_auto="1" />
				<Option object_output="obj/RelaseGCCx64/" />
				<Option type="1" />
				<Option compiler="gcc" />
				<Compiler>
					<Add option="-O2" />
				</Compiler>
				<Linker>
					<Add option="-s" />
				</Linker>
			</Target>
		</Build>
		<Compiler>
			<Add option="-Wall" />
			<Add option="-std=gnu++11" />
			<Add option="-fexceptions" />
			<Add directory="../../../include" />
			<Add directory="D:/cpp/boost_1_57_0" />
		</Compiler>
		<Linker>
			<Add library="Channel" />
			<Add directory="D:/cpp/boost_1_57_0/stage/gcc-x86_64/lib" />
		</Linker>
		<Unit filename="main.cpp" />
		<Extensions>
			<code_completion />
			<envvars />
			<debugger />
		</Extensions>
	</Project>
</CodeBlocks_project_file>
