<?xml version="1.0" encoding="UTF-8" standalone="yes" ?>
<CodeBlocks_project_file>
	<FileVersion major="1" minor="6" />
	<Project>
		<Option title="CSTAX" />
		<Option pch_mode="2" />
		<Option compiler="gcc" />
		<Build>
			<Target title="DebugMinGW32">
				<Option output="bin/DebugMinGW32/CSTAX" prefix_auto="1" extension_auto="1" />
				<Option object_output="obj/DebugMinGW32/" />
				<Option type="1" />
				<Option compiler="gcc" />
				<Compiler>
					<Add option="-std=c++11" />
					<Add option="-g" />
					<Add option="-DCONV_ENGINE_ICONV" />
				</Compiler>
				<Linker>
					<Add directory="../bin/DebugMinWG32" />
				</Linker>
			</Target>
			<Target title="ReleaseMinGW32">
				<Option output="bin/ReleaseMinGW32/CSTAX" prefix_auto="1" extension_auto="1" />
				<Option object_output="obj/ReleaseMinGW32/" />
				<Option type="1" />
				<Option compiler="gcc" />
				<Compiler>
					<Add option="-O2" />
				</Compiler>
				<Linker>
					<Add option="-s" />
				</Linker>
			</Target>
		</Build>
		<Compiler>
			<Add option="-Wall" />
			<Add option="-fexceptions" />
			<Add directory="include" />
			<Add directory="../include" />
			<Add directory="../../boost_1_54_0" />
		</Compiler>
		<Linker>
			<Add library="Channel" />
		</Linker>
		<Unit filename="include/cstax.hpp" />
		<Unit filename="main.cpp" />
		<Unit filename="src/cstax.cpp" />
		<Unit filename="xmlsource.cpp" />
		<Unit filename="xmlsource.hpp" />
		<Extensions>
			<code_completion />
			<envvars />
			<debugger />
			<lib_finder disable_auto="1" />
		</Extensions>
	</Project>
</CodeBlocks_project_file>
